// !$*UTF8*$!
{
	archiveVersion = 1;
	classes = {
	};
	objectVersion = 46;
	objects = {

/* Begin PBXBuildFile section */
		7705A9601E593260008CAF1D /* MPCManager.swift in Sources */ = {isa = PBXBuildFile; fileRef = 7705A95F1E593260008CAF1D /* MPCManager.swift */; };
		774BE7601DD3A24D00C751E5 /* AppDelegate.swift in Sources */ = {isa = PBXBuildFile; fileRef = 774BE75F1DD3A24D00C751E5 /* AppDelegate.swift */; };
		774BE7641DD3A24D00C751E5 /* SecondViewController.swift in Sources */ = {isa = PBXBuildFile; fileRef = 774BE7631DD3A24D00C751E5 /* SecondViewController.swift */; };
		774BE7671DD3A24D00C751E5 /* Main.storyboard in Resources */ = {isa = PBXBuildFile; fileRef = 774BE7651DD3A24D00C751E5 /* Main.storyboard */; };
		774BE7691DD3A24D00C751E5 /* Assets.xcassets in Resources */ = {isa = PBXBuildFile; fileRef = 774BE7681DD3A24D00C751E5 /* Assets.xcassets */; };
		774BE76C1DD3A24D00C751E5 /* LaunchScreen.storyboard in Resources */ = {isa = PBXBuildFile; fileRef = 774BE76A1DD3A24D00C751E5 /* LaunchScreen.storyboard */; };
		774BE7771DD3A24D00C751E5 /* EmergencyTests.swift in Sources */ = {isa = PBXBuildFile; fileRef = 774BE7761DD3A24D00C751E5 /* EmergencyTests.swift */; };
		774BE7821DD3A24D00C751E5 /* EmergencyUITests.swift in Sources */ = {isa = PBXBuildFile; fileRef = 774BE7811DD3A24D00C751E5 /* EmergencyUITests.swift */; };
		774C83F31DD7DAAB002678ED /* UserModel.swift in Sources */ = {isa = PBXBuildFile; fileRef = 774C83F21DD7DAAA002678ED /* UserModel.swift */; };
		774C83F51DD7DBA9002678ED /* HomeModel.swift in Sources */ = {isa = PBXBuildFile; fileRef = 774C83F41DD7DBA9002678ED /* HomeModel.swift */; };
		774C83F71DD7DED2002678ED /* Login.swift in Sources */ = {isa = PBXBuildFile; fileRef = 774C83F61DD7DED2002678ED /* Login.swift */; };
		77D80EC41DF707C9006855B8 /* NewUser.swift in Sources */ = {isa = PBXBuildFile; fileRef = 77D80EC31DF707C8006855B8 /* NewUser.swift */; };
		77D80EC61DF77C6D006855B8 /* NewEmergency.swift in Sources */ = {isa = PBXBuildFile; fileRef = 77D80EC51DF77C6D006855B8 /* NewEmergency.swift */; };
		77D80ECA1DF789E9006855B8 /* GetLocation.swift in Sources */ = {isa = PBXBuildFile; fileRef = 77D80EC91DF789E9006855B8 /* GetLocation.swift */; };
		77D80ECC1DF793F2006855B8 /* listEmergencies.swift in Sources */ = {isa = PBXBuildFile; fileRef = 77D80ECB1DF793F2006855B8 /* listEmergencies.swift */; };
		77D80ECE1DF79CF7006855B8 /* EmergencyModel.swift in Sources */ = {isa = PBXBuildFile; fileRef = 77D80ECD1DF79CF7006855B8 /* EmergencyModel.swift */; };
		77D80ED01DF79DE5006855B8 /* Emergency.swift in Sources */ = {isa = PBXBuildFile; fileRef = 77D80ECF1DF79DE5006855B8 /* Emergency.swift */; };
		77D80ED21DF7A65F006855B8 /* EmergencyListCell.swift in Sources */ = {isa = PBXBuildFile; fileRef = 77D80ED11DF7A65F006855B8 /* EmergencyListCell.swift */; };
		77D80ED41DF7A74D006855B8 /* EmergencyListTable.swift in Sources */ = {isa = PBXBuildFile; fileRef = 77D80ED31DF7A74D006855B8 /* EmergencyListTable.swift */; };
/* End PBXBuildFile section */

/* Begin PBXContainerItemProxy section */
		774BE7731DD3A24D00C751E5 /* PBXContainerItemProxy */ = {
			isa = PBXContainerItemProxy;
			containerPortal = 774BE7541DD3A24C00C751E5 /* Project object */;
			proxyType = 1;
			remoteGlobalIDString = 774BE75B1DD3A24C00C751E5;
			remoteInfo = Emergency;
		};
		774BE77E1DD3A24D00C751E5 /* PBXContainerItemProxy */ = {
			isa = PBXContainerItemProxy;
			containerPortal = 774BE7541DD3A24C00C751E5 /* Project object */;
			proxyType = 1;
			remoteGlobalIDString = 774BE75B1DD3A24C00C751E5;
			remoteInfo = Emergency;
		};
/* End PBXContainerItemProxy section */

/* Begin PBXFileReference section */
		7705A95F1E593260008CAF1D /* MPCManager.swift */ = {isa = PBXFileReference; fileEncoding = 4; lastKnownFileType = sourcecode.swift; path = MPCManager.swift; sourceTree = "<group>"; };
		774BE75C1DD3A24D00C751E5 /* Emergency.app */ = {isa = PBXFileReference; explicitFileType = wrapper.application; includeInIndex = 0; path = Emergency.app; sourceTree = BUILT_PRODUCTS_DIR; };
		774BE75F1DD3A24D00C751E5 /* AppDelegate.swift */ = {isa = PBXFileReference; lastKnownFileType = sourcecode.swift; path = AppDelegate.swift; sourceTree = "<group>"; };
		774BE7631DD3A24D00C751E5 /* SecondViewController.swift */ = {isa = PBXFileReference; lastKnownFileType = sourcecode.swift; path = SecondViewController.swift; sourceTree = "<group>"; };
		774BE7661DD3A24D00C751E5 /* Base */ = {isa = PBXFileReference; lastKnownFileType = file.storyboard; name = Base; path = Base.lproj/Main.storyboard; sourceTree = "<group>"; };
		774BE7681DD3A24D00C751E5 /* Assets.xcassets */ = {isa = PBXFileReference; lastKnownFileType = folder.assetcatalog; path = Assets.xcassets; sourceTree = "<group>"; };
		774BE76B1DD3A24D00C751E5 /* Base */ = {isa = PBXFileReference; lastKnownFileType = file.storyboard; name = Base; path = Base.lproj/LaunchScreen.storyboard; sourceTree = "<group>"; };
		774BE76D1DD3A24D00C751E5 /* Info.plist */ = {isa = PBXFileReference; lastKnownFileType = text.plist.xml; path = Info.plist; sourceTree = "<group>"; };
		774BE7721DD3A24D00C751E5 /* EmergencyTests.xctest */ = {isa = PBXFileReference; explicitFileType = wrapper.cfbundle; includeInIndex = 0; path = EmergencyTests.xctest; sourceTree = BUILT_PRODUCTS_DIR; };
		774BE7761DD3A24D00C751E5 /* EmergencyTests.swift */ = {isa = PBXFileReference; lastKnownFileType = sourcecode.swift; path = EmergencyTests.swift; sourceTree = "<group>"; };
		774BE7781DD3A24D00C751E5 /* Info.plist */ = {isa = PBXFileReference; lastKnownFileType = text.plist.xml; path = Info.plist; sourceTree = "<group>"; };
		774BE77D1DD3A24D00C751E5 /* EmergencyUITests.xctest */ = {isa = PBXFileReference; explicitFileType = wrapper.cfbundle; includeInIndex = 0; path = EmergencyUITests.xctest; sourceTree = BUILT_PRODUCTS_DIR; };
		774BE7811DD3A24D00C751E5 /* EmergencyUITests.swift */ = {isa = PBXFileReference; lastKnownFileType = sourcecode.swift; path = EmergencyUITests.swift; sourceTree = "<group>"; };
		774BE7831DD3A24D00C751E5 /* Info.plist */ = {isa = PBXFileReference; lastKnownFileType = text.plist.xml; path = Info.plist; sourceTree = "<group>"; };
		774C83F21DD7DAAA002678ED /* UserModel.swift */ = {isa = PBXFileReference; fileEncoding = 4; lastKnownFileType = sourcecode.swift; path = UserModel.swift; sourceTree = "<group>"; };
		774C83F41DD7DBA9002678ED /* HomeModel.swift */ = {isa = PBXFileReference; fileEncoding = 4; lastKnownFileType = sourcecode.swift; path = HomeModel.swift; sourceTree = "<group>"; };
		774C83F61DD7DED2002678ED /* Login.swift */ = {isa = PBXFileReference; fileEncoding = 4; lastKnownFileType = sourcecode.swift; path = Login.swift; sourceTree = "<group>"; };
		77D80EC31DF707C8006855B8 /* NewUser.swift */ = {isa = PBXFileReference; fileEncoding = 4; lastKnownFileType = sourcecode.swift; path = NewUser.swift; sourceTree = "<group>"; };
		77D80EC51DF77C6D006855B8 /* NewEmergency.swift */ = {isa = PBXFileReference; fileEncoding = 4; lastKnownFileType = sourcecode.swift; path = NewEmergency.swift; sourceTree = "<group>"; };
		77D80EC91DF789E9006855B8 /* GetLocation.swift */ = {isa = PBXFileReference; fileEncoding = 4; lastKnownFileType = sourcecode.swift; path = GetLocation.swift; sourceTree = "<group>"; };
		77D80ECB1DF793F2006855B8 /* listEmergencies.swift */ = {isa = PBXFileReference; fileEncoding = 4; lastKnownFileType = sourcecode.swift; path = listEmergencies.swift; sourceTree = "<group>"; };
		77D80ECD1DF79CF7006855B8 /* EmergencyModel.swift */ = {isa = PBXFileReference; fileEncoding = 4; lastKnownFileType = sourcecode.swift; path = EmergencyModel.swift; sourceTree = "<group>"; };
		77D80ECF1DF79DE5006855B8 /* Emergency.swift */ = {isa = PBXFileReference; fileEncoding = 4; lastKnownFileType = sourcecode.swift; path = Emergency.swift; sourceTree = "<group>"; };
		77D80ED11DF7A65F006855B8 /* EmergencyListCell.swift */ = {isa = PBXFileReference; fileEncoding = 4; lastKnownFileType = sourcecode.swift; path = EmergencyListCell.swift; sourceTree = "<group>"; };
		77D80ED31DF7A74D006855B8 /* EmergencyListTable.swift */ = {isa = PBXFileReference; fileEncoding = 4; lastKnownFileType = sourcecode.swift; path = EmergencyListTable.swift; sourceTree = "<group>"; };
/* End PBXFileReference section */

/* Begin PBXFrameworksBuildPhase section */
		774BE7591DD3A24C00C751E5 /* Frameworks */ = {
			isa = PBXFrameworksBuildPhase;
			buildActionMask = 2147483647;
			files = (
			);
			runOnlyForDeploymentPostprocessing = 0;
		};
		774BE76F1DD3A24D00C751E5 /* Frameworks */ = {
			isa = PBXFrameworksBuildPhase;
			buildActionMask = 2147483647;
			files = (
			);
			runOnlyForDeploymentPostprocessing = 0;
		};
		774BE77A1DD3A24D00C751E5 /* Frameworks */ = {
			isa = PBXFrameworksBuildPhase;
			buildActionMask = 2147483647;
			files = (
			);
			runOnlyForDeploymentPostprocessing = 0;
		};
/* End PBXFrameworksBuildPhase section */

/* Begin PBXGroup section */
		774BE7531DD3A24C00C751E5 = {
			isa = PBXGroup;
			children = (
				774BE75E1DD3A24D00C751E5 /* Emergency */,
				774BE7751DD3A24D00C751E5 /* EmergencyTests */,
				774BE7801DD3A24D00C751E5 /* EmergencyUITests */,
				774BE75D1DD3A24D00C751E5 /* Products */,
			);
			sourceTree = "<group>";
		};
		774BE75D1DD3A24D00C751E5 /* Products */ = {
			isa = PBXGroup;
			children = (
				774BE75C1DD3A24D00C751E5 /* Emergency.app */,
				774BE7721DD3A24D00C751E5 /* EmergencyTests.xctest */,
				774BE77D1DD3A24D00C751E5 /* EmergencyUITests.xctest */,
			);
			name = Products;
			sourceTree = "<group>";
		};
		774BE75E1DD3A24D00C751E5 /* Emergency */ = {
			isa = PBXGroup;
			children = (
				774BE75F1DD3A24D00C751E5 /* AppDelegate.swift */,
				77D80EC51DF77C6D006855B8 /* NewEmergency.swift */,
				7705A95F1E593260008CAF1D /* MPCManager.swift */,
				77D80ECB1DF793F2006855B8 /* listEmergencies.swift */,
				774BE7631DD3A24D00C751E5 /* SecondViewController.swift */,
				774BE7651DD3A24D00C751E5 /* Main.storyboard */,
				77D80ED11DF7A65F006855B8 /* EmergencyListCell.swift */,
				77D80EC31DF707C8006855B8 /* NewUser.swift */,
				774C83F61DD7DED2002678ED /* Login.swift */,
				774BE7681DD3A24D00C751E5 /* Assets.xcassets */,
				774BE76A1DD3A24D00C751E5 /* LaunchScreen.storyboard */,
				774BE76D1DD3A24D00C751E5 /* Info.plist */,
				774C83F21DD7DAAA002678ED /* UserModel.swift */,
				774C83F41DD7DBA9002678ED /* HomeModel.swift */,
				77D80EC91DF789E9006855B8 /* GetLocation.swift */,
				77D80ECD1DF79CF7006855B8 /* EmergencyModel.swift */,
				77D80ECF1DF79DE5006855B8 /* Emergency.swift */,
				77D80ED31DF7A74D006855B8 /* EmergencyListTable.swift */,
			);
			path = Emergency;
			sourceTree = "<group>";
		};
		774BE7751DD3A24D00C751E5 /* EmergencyTests */ = {
			isa = PBXGroup;
			children = (
				774BE7761DD3A24D00C751E5 /* EmergencyTests.swift */,
				774BE7781DD3A24D00C751E5 /* Info.plist */,
			);
			path = EmergencyTests;
			sourceTree = "<group>";
		};
		774BE7801DD3A24D00C751E5 /* EmergencyUITests */ = {
			isa = PBXGroup;
			children = (
				774BE7811DD3A24D00C751E5 /* EmergencyUITests.swift */,
				774BE7831DD3A24D00C751E5 /* Info.plist */,
			);
			path = EmergencyUITests;
			sourceTree = "<group>";
		};
/* End PBXGroup section */

/* Begin PBXNativeTarget section */
		774BE75B1DD3A24C00C751E5 /* Emergency */ = {
			isa = PBXNativeTarget;
			buildConfigurationList = 774BE7861DD3A24D00C751E5 /* Build configuration list for PBXNativeTarget "Emergency" */;
			buildPhases = (
				774BE7581DD3A24C00C751E5 /* Sources */,
				774BE7591DD3A24C00C751E5 /* Frameworks */,
				774BE75A1DD3A24C00C751E5 /* Resources */,
			);
			buildRules = (
			);
			dependencies = (
			);
			name = Emergency;
			productName = Emergency;
			productReference = 774BE75C1DD3A24D00C751E5 /* Emergency.app */;
			productType = "com.apple.product-type.application";
		};
		774BE7711DD3A24D00C751E5 /* EmergencyTests */ = {
			isa = PBXNativeTarget;
			buildConfigurationList = 774BE7891DD3A24D00C751E5 /* Build configuration list for PBXNativeTarget "EmergencyTests" */;
			buildPhases = (
				774BE76E1DD3A24D00C751E5 /* Sources */,
				774BE76F1DD3A24D00C751E5 /* Frameworks */,
				774BE7701DD3A24D00C751E5 /* Resources */,
			);
			buildRules = (
			);
			dependencies = (
				774BE7741DD3A24D00C751E5 /* PBXTargetDependency */,
			);
			name = EmergencyTests;
			productName = EmergencyTests;
			productReference = 774BE7721DD3A24D00C751E5 /* EmergencyTests.xctest */;
			productType = "com.apple.product-type.bundle.unit-test";
		};
		774BE77C1DD3A24D00C751E5 /* EmergencyUITests */ = {
			isa = PBXNativeTarget;
			buildConfigurationList = 774BE78C1DD3A24D00C751E5 /* Build configuration list for PBXNativeTarget "EmergencyUITests" */;
			buildPhases = (
				774BE7791DD3A24D00C751E5 /* Sources */,
				774BE77A1DD3A24D00C751E5 /* Frameworks */,
				774BE77B1DD3A24D00C751E5 /* Resources */,
			);
			buildRules = (
			);
			dependencies = (
				774BE77F1DD3A24D00C751E5 /* PBXTargetDependency */,
			);
			name = EmergencyUITests;
			productName = EmergencyUITests;
			productReference = 774BE77D1DD3A24D00C751E5 /* EmergencyUITests.xctest */;
			productType = "com.apple.product-type.bundle.ui-testing";
		};
/* End PBXNativeTarget section */

/* Begin PBXProject section */
		774BE7541DD3A24C00C751E5 /* Project object */ = {
			isa = PBXProject;
			attributes = {
				LastSwiftUpdateCheck = 0800;
				LastUpgradeCheck = 0800;
				ORGANIZATIONNAME = "Sophie Gairo";
				TargetAttributes = {
					774BE75B1DD3A24C00C751E5 = {
						CreatedOnToolsVersion = 8.0;
						DevelopmentTeam = Y55SEPMTBM;
						ProvisioningStyle = Automatic;
					};
					774BE7711DD3A24D00C751E5 = {
						CreatedOnToolsVersion = 8.0;
						ProvisioningStyle = Automatic;
						TestTargetID = 774BE75B1DD3A24C00C751E5;
					};
					774BE77C1DD3A24D00C751E5 = {
						CreatedOnToolsVersion = 8.0;
						ProvisioningStyle = Automatic;
						TestTargetID = 774BE75B1DD3A24C00C751E5;
					};
				};
			};
			buildConfigurationList = 774BE7571DD3A24C00C751E5 /* Build configuration list for PBXProject "Emergency" */;
			compatibilityVersion = "Xcode 3.2";
			developmentRegion = English;
			hasScannedForEncodings = 0;
			knownRegions = (
				en,
				Base,
			);
			mainGroup = 774BE7531DD3A24C00C751E5;
			productRefGroup = 774BE75D1DD3A24D00C751E5 /* Products */;
			projectDirPath = "";
			projectRoot = "";
			targets = (
				774BE75B1DD3A24C00C751E5 /* Emergency */,
				774BE7711DD3A24D00C751E5 /* EmergencyTests */,
				774BE77C1DD3A24D00C751E5 /* EmergencyUITests */,
			);
		};
/* End PBXProject section */

/* Begin PBXResourcesBuildPhase section */
		774BE75A1DD3A24C00C751E5 /* Resources */ = {
			isa = PBXResourcesBuildPhase;
			buildActionMask = 2147483647;
			files = (
				774BE76C1DD3A24D00C751E5 /* LaunchScreen.storyboard in Resources */,
				774BE7691DD3A24D00C751E5 /* Assets.xcassets in Resources */,
				774BE7671DD3A24D00C751E5 /* Main.storyboard in Resources */,
			);
			runOnlyForDeploymentPostprocessing = 0;
		};
		774BE7701DD3A24D00C751E5 /* Resources */ = {
			isa = PBXResourcesBuildPhase;
			buildActionMask = 2147483647;
			files = (
			);
			runOnlyForDeploymentPostprocessing = 0;
		};
		774BE77B1DD3A24D00C751E5 /* Resources */ = {
			isa = PBXResourcesBuildPhase;
			buildActionMask = 2147483647;
			files = (
			);
			runOnlyForDeploymentPostprocessing = 0;
		};
/* End PBXResourcesBuildPhase section */

/* Begin PBXSourcesBuildPhase section */
		774BE7581DD3A24C00C751E5 /* Sources */ = {
			isa = PBXSourcesBuildPhase;
			buildActionMask = 2147483647;
			files = (
				774BE7641DD3A24D00C751E5 /* SecondViewController.swift in Sources */,
				77D80ECC1DF793F2006855B8 /* listEmergencies.swift in Sources */,
				774BE7601DD3A24D00C751E5 /* AppDelegate.swift in Sources */,
				774C83F31DD7DAAB002678ED /* UserModel.swift in Sources */,
				7705A9601E593260008CAF1D /* MPCManager.swift in Sources */,
				774C83F71DD7DED2002678ED /* Login.swift in Sources */,
				77D80ED21DF7A65F006855B8 /* EmergencyListCell.swift in Sources */,
				77D80ED01DF79DE5006855B8 /* Emergency.swift in Sources */,
				774C83F51DD7DBA9002678ED /* HomeModel.swift in Sources */,
				77D80ECA1DF789E9006855B8 /* GetLocation.swift in Sources */,
				77D80ED41DF7A74D006855B8 /* EmergencyListTable.swift in Sources */,
				77D80ECE1DF79CF7006855B8 /* EmergencyModel.swift in Sources */,
				77D80EC61DF77C6D006855B8 /* NewEmergency.swift in Sources */,
				77D80EC41DF707C9006855B8 /* NewUser.swift in Sources */,
			);
			runOnlyForDeploymentPostprocessing = 0;
		};
		774BE76E1DD3A24D00C751E5 /* Sources */ = {
			isa = PBXSourcesBuildPhase;
			buildActionMask = 2147483647;
			files = (
				774BE7771DD3A24D00C751E5 /* EmergencyTests.swift in Sources */,
			);
			runOnlyForDeploymentPostprocessing = 0;
		};
		774BE7791DD3A24D00C751E5 /* Sources */ = {
			isa = PBXSourcesBuildPhase;
			buildActionMask = 2147483647;
			files = (
				774BE7821DD3A24D00C751E5 /* EmergencyUITests.swift in Sources */,
			);
			runOnlyForDeploymentPostprocessing = 0;
		};
/* End PBXSourcesBuildPhase section */

/* Begin PBXTargetDependency section */
		774BE7741DD3A24D00C751E5 /* PBXTargetDependency */ = {
			isa = PBXTargetDependency;
			target = 774BE75B1DD3A24C00C751E5 /* Emergency */;
			targetProxy = 774BE7731DD3A24D00C751E5 /* PBXContainerItemProxy */;
		};
		774BE77F1DD3A24D00C751E5 /* PBXTargetDependency */ = {
			isa = PBXTargetDependency;
			target = 774BE75B1DD3A24C00C751E5 /* Emergency */;
			targetProxy = 774BE77E1DD3A24D00C751E5 /* PBXContainerItemProxy */;
		};
/* End PBXTargetDependency section */

/* Begin PBXVariantGroup section */
		774BE7651DD3A24D00C751E5 /* Main.storyboard */ = {
			isa = PBXVariantGroup;
			children = (
				774BE7661DD3A24D00C751E5 /* Base */,
			);
			name = Main.storyboard;
			sourceTree = "<group>";
		};
		774BE76A1DD3A24D00C751E5 /* LaunchScreen.storyboard */ = {
			isa = PBXVariantGroup;
			children = (
				774BE76B1DD3A24D00C751E5 /* Base */,
			);
			name = LaunchScreen.storyboard;
			sourceTree = "<group>";
		};
/* End PBXVariantGroup section */

/* Begin XCBuildConfiguration section */
		774BE7841DD3A24D00C751E5 /* Debug */ = {
			isa = XCBuildConfiguration;
			buildSettings = {
				ALWAYS_SEARCH_USER_PATHS = NO;
				CLANG_ANALYZER_NONNULL = YES;
				CLANG_CXX_LANGUAGE_STANDARD = "gnu++0x";
				CLANG_CXX_LIBRARY = "libc++";
				CLANG_ENABLE_MODULES = YES;
				CLANG_ENABLE_OBJC_ARC = YES;
				CLANG_WARN_BOOL_CONVERSION = YES;
				CLANG_WARN_CONSTANT_CONVERSION = YES;
				CLANG_WARN_DIRECT_OBJC_ISA_USAGE = YES_ERROR;
				CLANG_WARN_DOCUMENTATION_COMMENTS = YES;
				CLANG_WARN_EMPTY_BODY = YES;
				CLANG_WARN_ENUM_CONVERSION = YES;
				CLANG_WARN_INFINITE_RECURSION = YES;
				CLANG_WARN_INT_CONVERSION = YES;
				CLANG_WARN_OBJC_ROOT_CLASS = YES_ERROR;
				CLANG_WARN_SUSPICIOUS_MOVES = YES;
				CLANG_WARN_UNREACHABLE_CODE = YES;
				CLANG_WARN__DUPLICATE_METHOD_MATCH = YES;
				"CODE_SIGN_IDENTITY[sdk=iphoneos*]" = "iPhone Developer";
				COPY_PHASE_STRIP = NO;
				DEBUG_INFORMATION_FORMAT = dwarf;
				ENABLE_STRICT_OBJC_MSGSEND = YES;
				ENABLE_TESTABILITY = YES;
				GCC_C_LANGUAGE_STANDARD = gnu99;
				GCC_DYNAMIC_NO_PIC = NO;
				GCC_NO_COMMON_BLOCKS = YES;
				GCC_OPTIMIZATION_LEVEL = 0;
				GCC_PREPROCESSOR_DEFINITIONS = (
					"DEBUG=1",
					"$(inherited)",
				);
				GCC_WARN_64_TO_32_BIT_CONVERSION = YES;
				GCC_WARN_ABOUT_RETURN_TYPE = YES_ERROR;
				GCC_WARN_UNDECLARED_SELECTOR = YES;
				GCC_WARN_UNINITIALIZED_AUTOS = YES_AGGRESSIVE;
				GCC_WARN_UNUSED_FUNCTION = YES;
				GCC_WARN_UNUSED_VARIABLE = YES;
				IPHONEOS_DEPLOYMENT_TARGET = 10.0;
				MTL_ENABLE_DEBUG_INFO = YES;
				ONLY_ACTIVE_ARCH = YES;
				SDKROOT = iphoneos;
				SWIFT_ACTIVE_COMPILATION_CONDITIONS = DEBUG;
				SWIFT_OPTIMIZATION_LEVEL = "-Onone";
			};
			name = Debug;
		};
		774BE7851DD3A24D00C751E5 /* Release */ = {
			isa = XCBuildConfiguration;
			buildSettings = {
				ALWAYS_SEARCH_USER_PATHS = NO;
				CLANG_ANALYZER_NONNULL = YES;
				CLANG_CXX_LANGUAGE_STANDARD = "gnu++0x";
				CLANG_CXX_LIBRARY = "libc++";
				CLANG_ENABLE_MODULES = YES;
				CLANG_ENABLE_OBJC_ARC = YES;
				CLANG_WARN_BOOL_CONVERSION = YES;
				CLANG_WARN_CONSTANT_CONVERSION = YES;
				CLANG_WARN_DIRECT_OBJC_ISA_USAGE = YES_ERROR;
				CLANG_WARN_DOCUMENTATION_COMMENTS = YES;
				CLANG_WARN_EMPTY_BODY = YES;
				CLANG_WARN_ENUM_CONVERSION = YES;
				CLANG_WARN_INFINITE_RECURSION = YES;
				CLANG_WARN_INT_CONVERSION = YES;
				CLANG_WARN_OBJC_ROOT_CLASS = YES_ERROR;
				CLANG_WARN_SUSPICIOUS_MOVES = YES;
				CLANG_WARN_UNREACHABLE_CODE = YES;
				CLANG_WARN__DUPLICATE_METHOD_MATCH = YES;
				"CODE_SIGN_IDENTITY[sdk=iphoneos*]" = "iPhone Developer";
				COPY_PHASE_STRIP = NO;
				DEBUG_INFORMATION_FORMAT = "dwarf-with-dsym";
				ENABLE_NS_ASSERTIONS = NO;
				ENABLE_STRICT_OBJC_MSGSEND = YES;
				GCC_C_LANGUAGE_STANDARD = gnu99;
				GCC_NO_COMMON_BLOCKS = YES;
				GCC_WARN_64_TO_32_BIT_CONVERSION = YES;
				GCC_WARN_ABOUT_RETURN_TYPE = YES_ERROR;
				GCC_WARN_UNDECLARED_SELECTOR = YES;
				GCC_WARN_UNINITIALIZED_AUTOS = YES_AGGRESSIVE;
				GCC_WARN_UNUSED_FUNCTION = YES;
				GCC_WARN_UNUSED_VARIABLE = YES;
				IPHONEOS_DEPLOYMENT_TARGET = 10.0;
				MTL_ENABLE_DEBUG_INFO = NO;
				SDKROOT = iphoneos;
				SWIFT_OPTIMIZATION_LEVEL = "-Owholemodule";
				VALIDATE_PRODUCT = YES;
			};
			name = Release;
		};
		774BE7871DD3A24D00C751E5 /* Debug */ = {
			isa = XCBuildConfiguration;
			buildSettings = {
				ASSETCATALOG_COMPILER_APPICON_NAME = AppIcon;
				DEVELOPMENT_TEAM = Y55SEPMTBM;
				INFOPLIST_FILE = Emergency/Info.plist;
				LD_RUNPATH_SEARCH_PATHS = "$(inherited) @executable_path/Frameworks";
				PRODUCT_BUNDLE_IDENTIFIER = com.stedwards.Emergency;
				PRODUCT_NAME = "$(TARGET_NAME)";
				SWIFT_VERSION = 3.0;
			};
			name = Debug;
		};
		774BE7881DD3A24D00C751E5 /* Release */ = {
			isa = XCBuildConfiguration;
			buildSettings = {
				ASSETCATALOG_COMPILER_APPICON_NAME = AppIcon;
				DEVELOPMENT_TEAM = Y55SEPMTBM;
				INFOPLIST_FILE = Emergency/Info.plist;
				LD_RUNPATH_SEARCH_PATHS = "$(inherited) @executable_path/Frameworks";
				PRODUCT_BUNDLE_IDENTIFIER = com.stedwards.Emergency;
				PRODUCT_NAME = "$(TARGET_NAME)";
				SWIFT_VERSION = 3.0;
			};
			name = Release;
		};
		774BE78A1DD3A24D00C751E5 /* Debug */ = {
			isa = XCBuildConfiguration;
			buildSettings = {
				ALWAYS_EMBED_SWIFT_STANDARD_LIBRARIES = YES;
				BUNDLE_LOADER = "$(TEST_HOST)";
				INFOPLIST_FILE = EmergencyTests/Info.plist;
				LD_RUNPATH_SEARCH_PATHS = "$(inherited) @executable_path/Frameworks @loader_path/Frameworks";
				PRODUCT_BUNDLE_IDENTIFIER = com.stedwards.EmergencyTests;
				PRODUCT_NAME = "$(TARGET_NAME)";
				SWIFT_VERSION = 3.0;
				TEST_HOST = "$(BUILT_PRODUCTS_DIR)/Emergency.app/Emergency";
			};
			name = Debug;
		};
		774BE78B1DD3A24D00C751E5 /* Release */ = {
			isa = XCBuildConfiguration;
			buildSettings = {
				ALWAYS_EMBED_SWIFT_STANDARD_LIBRARIES = YES;
				BUNDLE_LOADER = "$(TEST_HOST)";
				INFOPLIST_FILE = EmergencyTests/Info.plist;
				LD_RUNPATH_SEARCH_PATHS = "$(inherited) @executable_path/Frameworks @loader_path/Frameworks";
				PRODUCT_BUNDLE_IDENTIFIER = com.stedwards.EmergencyTests;
				PRODUCT_NAME = "$(TARGET_NAME)";
				SWIFT_VERSION = 3.0;
				TEST_HOST = "$(BUILT_PRODUCTS_DIR)/Emergency.app/Emergency";
			};
			name = Release;
		};
		774BE78D1DD3A24D00C751E5 /* Debug */ = {
			isa = XCBuildConfiguration;
			buildSettings = {
				ALWAYS_EMBED_SWIFT_STANDARD_LIBRARIES = YES;
				INFOPLIST_FILE = EmergencyUITests/Info.plist;
				LD_RUNPATH_SEARCH_PATHS = "$(inherited) @executable_path/Frameworks @loader_path/Frameworks";
				PRODUCT_BUNDLE_IDENTIFIER = com.stedwards.EmergencyUITests;
				PRODUCT_NAME = "$(TARGET_NAME)";
				SWIFT_VERSION = 3.0;
				TEST_TARGET_NAME = Emergency;
			};
			name = Debug;
		};
		774BE78E1DD3A24D00C751E5 /* Release */ = {
			isa = XCBuildConfiguration;
			buildSettings = {
				ALWAYS_EMBED_SWIFT_STANDARD_LIBRARIES = YES;
				INFOPLIST_FILE = EmergencyUITests/Info.plist;
				LD_RUNPATH_SEARCH_PATHS = "$(inherited) @executable_path/Frameworks @loader_path/Frameworks";
				PRODUCT_BUNDLE_IDENTIFIER = com.stedwards.EmergencyUITests;
				PRODUCT_NAME = "$(TARGET_NAME)";
				SWIFT_VERSION = 3.0;
				TEST_TARGET_NAME = Emergency;
			};
			name = Release;
		};
/* End XCBuildConfiguration section */

/* Begin XCConfigurationList section */
		774BE7571DD3A24C00C751E5 /* Build configuration list for PBXProject "Emergency" */ = {
			isa = XCConfigurationList;
			buildConfigurations = (
				774BE7841DD3A24D00C751E5 /* Debug */,
				774BE7851DD3A24D00C751E5 /* Release */,
			);
			defaultConfigurationIsVisible = 0;
			defaultConfigurationName = Release;
		};
		774BE7861DD3A24D00C751E5 /* Build configuration list for PBXNativeTarget "Emergency" */ = {
			isa = XCConfigurationList;
			buildConfigurations = (
				774BE7871DD3A24D00C751E5 /* Debug */,
				774BE7881DD3A24D00C751E5 /* Release */,
			);
			defaultConfigurationIsVisible = 0;
			defaultConfigurationName = Release;
		};
		774BE7891DD3A24D00C751E5 /* Build configuration list for PBXNativeTarget "EmergencyTests" */ = {
			isa = XCConfigurationList;
			buildConfigurations = (
				774BE78A1DD3A24D00C751E5 /* Debug */,
				774BE78B1DD3A24D00C751E5 /* Release */,
			);
			defaultConfigurationIsVisible = 0;
			defaultConfigurationName = Release;
		};
		774BE78C1DD3A24D00C751E5 /* Build configuration list for PBXNativeTarget "EmergencyUITests" */ = {
			isa = XCConfigurationList;
			buildConfigurations = (
				774BE78D1DD3A24D00C751E5 /* Debug */,
				774BE78E1DD3A24D00C751E5 /* Release */,
			);
			defaultConfigurationIsVisible = 0;
			defaultConfigurationName = Release;
		};
/* End XCConfigurationList section */
	};
	rootObject = 774BE7541DD3A24C00C751E5 /* Project object */;
}
